
Microsoft Visual Studio Solution File, Format Version 12.00
# Visual Studio Version 17
VisualStudioVersion = 17.6.33815.320
MinimumVisualStudioVersion = 10.0.40219.1
Project("{FAE04EC0-301F-11D3-BF4B-00C04F79EFBC}") = "BubbleSort", "BubbleSort\BubbleSort.csproj", "{0EF48704-0A94-4990-8D27-76A190CB9706}"
EndProject
Global
	GlobalSection(SolutionConfigurationPlatforms) = preSolution
		Debug|Any CPU = Debug|Any CPU
		Release|Any CPU = Release|Any CPU
	EndGlobalSection
	GlobalSection(ProjectConfigurationPlatforms) = postSolution
		{0EF48704-0A94-4990-8D27-76A190CB9706}.Debug|Any CPU.ActiveCfg = Debug|Any CPU
		{0EF48704-0A94-4990-8D27-76A190CB9706}.Debug|Any CPU.Build.0 = Debug|Any CPU
		{0EF48704-0A94-4990-8D27-76A190CB9706}.Release|Any CPU.ActiveCfg = Release|Any CPU
		{0EF48704-0A94-4990-8D27-76A190CB9706}.Release|Any CPU.Build.0 = Release|Any CPU
	EndGlobalSection
	GlobalSection(SolutionProperties) = preSolution
		HideSolutionNode = FALSE
	EndGlobalSection
	GlobalSection(ExtensibilityGlobals) = postSolution
		SolutionGuid = {F8CF91DB-C011-4C64-8689-6B00B7EED8C7}
	EndGlobalSection
EndGlobal
