
Microsoft Visual Studio Solution File, Format Version 12.00
# Visual Studio Version 17
VisualStudioVersion = 17.6.33815.320
MinimumVisualStudioVersion = 10.0.40219.1
Project("{FAE04EC0-301F-11D3-BF4B-00C04F79EFBC}") = "Recursion", "Recursion\Recursion.csproj", "{23D74535-267B-4A51-9255-E15ED8EBCB5F}"
EndProject
Global
	GlobalSection(SolutionConfigurationPlatforms) = preSolution
		Debug|Any CPU = Debug|Any CPU
		Release|Any CPU = Release|Any CPU
	EndGlobalSection
	GlobalSection(ProjectConfigurationPlatforms) = postSolution
		{23D74535-267B-4A51-9255-E15ED8EBCB5F}.Debug|Any CPU.ActiveCfg = Debug|Any CPU
		{23D74535-267B-4A51-9255-E15ED8EBCB5F}.Debug|Any CPU.Build.0 = Debug|Any CPU
		{23D74535-267B-4A51-9255-E15ED8EBCB5F}.Release|Any CPU.ActiveCfg = Release|Any CPU
		{23D74535-267B-4A51-9255-E15ED8EBCB5F}.Release|Any CPU.Build.0 = Release|Any CPU
	EndGlobalSection
	GlobalSection(SolutionProperties) = preSolution
		HideSolutionNode = FALSE
	EndGlobalSection
	GlobalSection(ExtensibilityGlobals) = postSolution
		SolutionGuid = {1E389F45-2870-4A1F-A0E7-3AC96D386367}
	EndGlobalSection
EndGlobal
