
Microsoft Visual Studio Solution File, Format Version 12.00
# Visual Studio Version 17
VisualStudioVersion = 17.6.33815.320
MinimumVisualStudioVersion = 10.0.40219.1
Project("{FAE04EC0-301F-11D3-BF4B-00C04F79EFBC}") = "BinarySearch", "BinarySearch\BinarySearch.csproj", "{80432E1C-CDFF-4983-9070-5E207F3B3265}"
EndProject
Global
	GlobalSection(SolutionConfigurationPlatforms) = preSolution
		Debug|Any CPU = Debug|Any CPU
		Release|Any CPU = Release|Any CPU
	EndGlobalSection
	GlobalSection(ProjectConfigurationPlatforms) = postSolution
		{80432E1C-CDFF-4983-9070-5E207F3B3265}.Debug|Any CPU.ActiveCfg = Debug|Any CPU
		{80432E1C-CDFF-4983-9070-5E207F3B3265}.Debug|Any CPU.Build.0 = Debug|Any CPU
		{80432E1C-CDFF-4983-9070-5E207F3B3265}.Release|Any CPU.ActiveCfg = Release|Any CPU
		{80432E1C-CDFF-4983-9070-5E207F3B3265}.Release|Any CPU.Build.0 = Release|Any CPU
	EndGlobalSection
	GlobalSection(SolutionProperties) = preSolution
		HideSolutionNode = FALSE
	EndGlobalSection
	GlobalSection(ExtensibilityGlobals) = postSolution
		SolutionGuid = {C4B089A6-ABC7-464C-B39A-E1071A8DD453}
	EndGlobalSection
EndGlobal
